
Microsoft Visual Studio Solution File, Format Version 12.00
# Visual Studio Version 17
VisualStudioVersion = 17.5.33424.131
MinimumVisualStudioVersion = 10.0.40219.1
Project("{9A19103F-16F7-4668-BE54-9A1E7A4F7556}") = "Shared", "Shared\Shared.csproj", "{90E894E3-EF4A-4E75-BD58-4F367C38DFCE}"
EndProject
Project("{9A19103F-16F7-4668-BE54-9A1E7A4F7556}") = "EventAPI", "EventAPI\EventAPI.csproj", "{25C7F32A-A82B-4A8E-925A-A37FF0E4FEEC}"
EndProject
Project("{9A19103F-16F7-4668-BE54-9A1E7A4F7556}") = "UserAPI", "UserAPI\UserAPI.csproj", "{6C2EBFCB-3A40-4E1A-9C63-711884944EF4}"
EndProject
Global
	GlobalSection(SolutionConfigurationPlatforms) = preSolution
		Debug|Any CPU = Debug|Any CPU
		Release|Any CPU = Release|Any CPU
	EndGlobalSection
	GlobalSection(ProjectConfigurationPlatforms) = postSolution
		{90E894E3-EF4A-4E75-BD58-4F367C38DFCE}.Debug|Any CPU.ActiveCfg = Debug|Any CPU
		{90E894E3-EF4A-4E75-BD58-4F367C38DFCE}.Debug|Any CPU.Build.0 = Debug|Any CPU
		{90E894E3-EF4A-4E75-BD58-4F367C38DFCE}.Release|Any CPU.ActiveCfg = Release|Any CPU
		{90E894E3-EF4A-4E75-BD58-4F367C38DFCE}.Release|Any CPU.Build.0 = Release|Any CPU
		{25C7F32A-A82B-4A8E-925A-A37FF0E4FEEC}.Debug|Any CPU.ActiveCfg = Debug|Any CPU
		{25C7F32A-A82B-4A8E-925A-A37FF0E4FEEC}.Debug|Any CPU.Build.0 = Debug|Any CPU
		{25C7F32A-A82B-4A8E-925A-A37FF0E4FEEC}.Release|Any CPU.ActiveCfg = Release|Any CPU
		{25C7F32A-A82B-4A8E-925A-A37FF0E4FEEC}.Release|Any CPU.Build.0 = Release|Any CPU
		{6C2EBFCB-3A40-4E1A-9C63-711884944EF4}.Debug|Any CPU.ActiveCfg = Debug|Any CPU
		{6C2EBFCB-3A40-4E1A-9C63-711884944EF4}.Debug|Any CPU.Build.0 = Debug|Any CPU
		{6C2EBFCB-3A40-4E1A-9C63-711884944EF4}.Release|Any CPU.ActiveCfg = Release|Any CPU
		{6C2EBFCB-3A40-4E1A-9C63-711884944EF4}.Release|Any CPU.Build.0 = Release|Any CPU
	EndGlobalSection
	GlobalSection(SolutionProperties) = preSolution
		HideSolutionNode = FALSE
	EndGlobalSection
	GlobalSection(ExtensibilityGlobals) = postSolution
		SolutionGuid = {8CBF4FF8-EB40-481F-8380-4C24EE3A56D2}
	EndGlobalSection
EndGlobal
